<?xml version="1.0" encoding="utf-8"?>
<Project ToolsVersion="4.0" xmlns="http://schemas.microsoft.com/developer/msbuild/2003">
  <ItemGroup>
    <Filter Include="源文件">
      <UniqueIdentifier>{4FC737F1-C7A5-4376-A066-2A32D752A2FF}</UniqueIdentifier>
      <Extensions>cpp;c;cc;cxx;c++;cppm;ixx;def;odl;idl;hpj;bat;asm;asmx</Extensions>
    </Filter>
    <Filter Include="头文件">
      <UniqueIdentifier>{93995380-89BD-4b04-88EB-625FBE52EBFB}</UniqueIdentifier>
      <Extensions>h;hh;hpp;hxx;h++;hm;inl;inc;ipp;xsd</Extensions>
    </Filter>
    <Filter Include="资源文件">
      <UniqueIdentifier>{67DA6AB6-F800-4c08-8B7A-83BB121AAD01}</UniqueIdentifier>
      <Extensions>rc;ico;cur;bmp;dlg;rc2;rct;bin;rgs;gif;jpg;jpeg;jpe;resx;tiff;tif;png;wav;mfcribbon-ms</Extensions>
    </Filter>
    <Filter Include="源文件\基础入门">
      <UniqueIdentifier>{31274426-dce7-494e-89d8-617eaa740502}</UniqueIdentifier>
    </Filter>
    <Filter Include="源文件\核心编程">
      <UniqueIdentifier>{ec73eb14-fc24-4fb6-8087-e6a8593ceaad}</UniqueIdentifier>
    </Filter>
    <Filter Include="源文件\提高编程">
      <UniqueIdentifier>{3bef5a1c-4652-491d-8de3-8106a0de2ee0}</UniqueIdentifier>
    </Filter>
  </ItemGroup>
  <ItemGroup>
    <ClCompile Include="01 Hello World.cpp">
      <Filter>源文件\基础入门</Filter>
    </ClCompile>
    <ClCompile Include="02猜数字.cpp">
      <Filter>源文件\基础入门</Filter>
    </ClCompile>
    <ClCompile Include="03水仙花数.cpp">
      <Filter>源文件\基础入门</Filter>
    </ClCompile>
    <ClCompile Include="04敲桌子.cpp">
      <Filter>源文件\基础入门</Filter>
    </ClCompile>
    <ClCompile Include="05乘法口诀表.cpp">
      <Filter>源文件\基础入门</Filter>
    </ClCompile>
    <ClCompile Include="06五只小猪称体重.cpp">
      <Filter>源文件\基础入门</Filter>
    </ClCompile>
    <ClCompile Include="07数组元素逆置.cpp">
      <Filter>源文件\基础入门</Filter>
    </ClCompile>
    <ClCompile Include="8冒泡排序.cpp">
      <Filter>源文件\基础入门</Filter>
    </ClCompile>
    <ClCompile Include="9函数的分文件编写.cpp">
      <Filter>源文件\基础入门</Filter>
    </ClCompile>
    <ClCompile Include="max.cpp">
      <Filter>源文件\基础入门</Filter>
    </ClCompile>
    <ClCompile Include="结构体案例-毕设.cpp">
      <Filter>源文件\基础入门</Filter>
    </ClCompile>
    <ClCompile Include="结构体案例-英雄.cpp">
      <Filter>源文件\基础入门</Filter>
    </ClCompile>
    <ClCompile Include="引用.cpp">
      <Filter>源文件\核心编程</Filter>
    </ClCompile>
    <ClCompile Include="函数重载.cpp">
      <Filter>源文件\核心编程</Filter>
    </ClCompile>
    <ClCompile Include="函数的默认参数.cpp">
      <Filter>源文件\核心编程</Filter>
    </ClCompile>
    <ClCompile Include="封装-求圆周长.cpp">
      <Filter>源文件\核心编程</Filter>
    </ClCompile>
    <ClCompile Include="封装-学生类.cpp">
      <Filter>源文件\核心编程</Filter>
    </ClCompile>
    <ClCompile Include="设计立方体类.cpp">
      <Filter>源文件\核心编程</Filter>
    </ClCompile>
    <ClCompile Include="点和圆的关系.cpp">
      <Filter>源文件\核心编程</Filter>
    </ClCompile>
    <ClCompile Include="构造函数的调用.cpp">
      <Filter>源文件\核心编程</Filter>
    </ClCompile>
    <ClCompile Include="拷贝构造函数.cpp">
      <Filter>源文件\核心编程</Filter>
    </ClCompile>
    <ClCompile Include="构造函数调用规则.cpp">
      <Filter>源文件\核心编程</Filter>
    </ClCompile>
    <ClCompile Include="浅拷贝与深拷贝.cpp">
      <Filter>源文件\核心编程</Filter>
    </ClCompile>
    <ClCompile Include="类对象作为成员函数.cpp">
      <Filter>源文件\核心编程</Filter>
    </ClCompile>
    <ClCompile Include="静态成员.cpp">
      <Filter>源文件\核心编程</Filter>
    </ClCompile>
    <ClCompile Include="全局函数做友元.cpp">
      <Filter>源文件\核心编程</Filter>
    </ClCompile>
    <ClCompile Include="类做友元.cpp">
      <Filter>源文件\核心编程</Filter>
    </ClCompile>
    <ClCompile Include="加号运算符重载.cpp">
      <Filter>源文件\核心编程</Filter>
    </ClCompile>
    <ClCompile Include="左移运算符重载.cpp">
      <Filter>源文件\核心编程</Filter>
    </ClCompile>
    <ClCompile Include="赋值运算符重载.cpp">
      <Filter>源文件\核心编程</Filter>
    </ClCompile>
    <ClCompile Include="继承中的对象模型.cpp">
      <Filter>源文件\核心编程</Filter>
    </ClCompile>
    <ClCompile Include="文件操作-写文件.cpp">
      <Filter>源文件\核心编程</Filter>
    </ClCompile>
    <ClCompile Include="文件操作-读文件.cpp">
      <Filter>源文件\核心编程</Filter>
    </ClCompile>
    <ClCompile Include="模板-交换函数.cpp">
      <Filter>源文件\提高编程</Filter>
    </ClCompile>
    <ClCompile Include="模板-排序.cpp">
      <Filter>源文件\提高编程</Filter>
    </ClCompile>
    <ClCompile Include="模板-普通函数与函数模板的调用规则.cpp">
      <Filter>源文件\提高编程</Filter>
    </ClCompile>
    <ClCompile Include="模板-具体化的模板.cpp">
      <Filter>源文件\提高编程</Filter>
    </ClCompile>
    <ClCompile Include="类模板.cpp">
      <Filter>源文件\提高编程</Filter>
    </ClCompile>
    <ClCompile Include="模板-通用的数组类.cpp">
      <Filter>源文件\提高编程</Filter>
    </ClCompile>
    <ClCompile Include="vector存放内置数据类型.cpp">
      <Filter>源文件\提高编程</Filter>
    </ClCompile>
    <ClCompile Include="string容器.cpp">
      <Filter>源文件\提高编程</Filter>
    </ClCompile>
    <ClCompile Include="vector容器.cpp">
      <Filter>源文件\提高编程</Filter>
    </ClCompile>
    <ClCompile Include="deque容器.cpp">
      <Filter>源文件\提高编程</Filter>
    </ClCompile>
    <ClCompile Include="评委打分.cpp">
      <Filter>源文件\提高编程</Filter>
    </ClCompile>
    <ClCompile Include="stack容器.cpp">
      <Filter>源文件\提高编程</Filter>
    </ClCompile>
    <ClCompile Include="queue容器.cpp">
      <Filter>源文件\提高编程</Filter>
    </ClCompile>
    <ClCompile Include="list容器.cpp">
      <Filter>源文件\提高编程</Filter>
    </ClCompile>
    <ClCompile Include="list排序案例.cpp">
      <Filter>源文件\提高编程</Filter>
    </ClCompile>
    <ClCompile Include="set-multiset 容器.cpp">
      <Filter>源文件\提高编程</Filter>
    </ClCompile>
    <ClCompile Include="map-multimap容器.cpp">
      <Filter>源文件\提高编程</Filter>
    </ClCompile>
    <ClCompile Include="员工分组.cpp">
      <Filter>源文件\提高编程</Filter>
    </ClCompile>
    <ClCompile Include="函数对象.cpp">
      <Filter>源文件\提高编程</Filter>
    </ClCompile>
    <ClCompile Include="谓词.cpp">
      <Filter>源文件\提高编程</Filter>
    </ClCompile>
    <ClCompile Include="内建函数对象.cpp">
      <Filter>源文件\提高编程</Filter>
    </ClCompile>
    <ClCompile Include="STL- 常用算法.cpp">
      <Filter>源文件\提高编程</Filter>
    </ClCompile>
  </ItemGroup>
  <ItemGroup>
    <ClInclude Include="max.h">
      <Filter>头文件</Filter>
    </ClInclude>
    <ClInclude Include="myArr.hpp">
      <Filter>源文件\提高编程</Filter>
    </ClInclude>
    <ClInclude Include="persion.hpp">
      <Filter>源文件\提高编程</Filter>
    </ClInclude>
  </ItemGroup>
</Project>